
Microsoft Visual Studio Solution File, Format Version 12.00
# Visual Studio Version 16
VisualStudioVersion = 16.0.30523.141
MinimumVisualStudioVersion = 10.0.40219.1
Project("{2150E333-8FDC-42A3-9474-1A3956D46DE8}") = "src", "src", "{369DCC5B-258B-40AE-95ED-F050055F2483}"
EndProject
Project("{2150E333-8FDC-42A3-9474-1A3956D46DE8}") = "test", "test", "{C10C799B-B608-4EC3-B213-BA0D4FB5CA85}"
EndProject
Project("{2150E333-8FDC-42A3-9474-1A3956D46DE8}") = "Logging", "Logging", "{80BC0540-C89C-4245-ABC5-A20EDD5733C1}"
EndProject
Project("{9A19103F-16F7-4668-BE54-9A1E7A4F7556}") = "Ada.Aop.Logging.Web", "src\Logging\Ada.Aop.Logging.Web\Ada.Aop.Logging.Web.csproj", "{ACD29334-555D-48B1-9FB5-70A683C37B6B}"
EndProject
Project("{9A19103F-16F7-4668-BE54-9A1E7A4F7556}") = "Ada.Aop.Logging.Console", "src\Logging\Ada.Aop.Logging.Console\Ada.Aop.Logging.Console.csproj", "{B5D6EF56-B82C-4D76-8842-EB54B422F675}"
EndProject
Project("{2150E333-8FDC-42A3-9474-1A3956D46DE8}") = "Samples", "Samples", "{000B051D-BB20-464F-98DD-6A2221F94C21}"
EndProject
Project("{FAE04EC0-301F-11D3-BF4B-00C04F79EFBC}") = "Ada.SampleA.BackgroundTasks", "src\Logging\Samples\Ada.SampleA.BackgroundTasks\Ada.SampleA.BackgroundTasks.csproj", "{F0915A32-92C9-436F-86D4-1B796ECF9F63}"
EndProject
Project("{FAE04EC0-301F-11D3-BF4B-00C04F79EFBC}") = "Ada.SampleB.BackgroundTasks", "src\Logging\Samples\Ada.SampleB.BackgroundTasks\Ada.SampleB.BackgroundTasks.csproj", "{3B7C8E70-A858-4F97-9B76-354167E71B3E}"
EndProject
Project("{FAE04EC0-301F-11D3-BF4B-00C04F79EFBC}") = "Ada.SampleA.API", "src\Logging\Samples\Ada.SampleA.API\Ada.SampleA.API.csproj", "{CE6E48E0-BD4A-4C8F-BDE8-94419F03CB00}"
EndProject
Project("{FAE04EC0-301F-11D3-BF4B-00C04F79EFBC}") = "Ada.SampleB.API", "src\Logging\Samples\Ada.SampleB.API\Ada.SampleB.API.csproj", "{61763032-B233-4319-809A-6EE8BAF0006C}"
EndProject
Global
	GlobalSection(SolutionConfigurationPlatforms) = preSolution
		Debug|Any CPU = Debug|Any CPU
		Release|Any CPU = Release|Any CPU
	EndGlobalSection
	GlobalSection(ProjectConfigurationPlatforms) = postSolution
		{ACD29334-555D-48B1-9FB5-70A683C37B6B}.Debug|Any CPU.ActiveCfg = Debug|Any CPU
		{ACD29334-555D-48B1-9FB5-70A683C37B6B}.Debug|Any CPU.Build.0 = Debug|Any CPU
		{ACD29334-555D-48B1-9FB5-70A683C37B6B}.Release|Any CPU.ActiveCfg = Release|Any CPU
		{ACD29334-555D-48B1-9FB5-70A683C37B6B}.Release|Any CPU.Build.0 = Release|Any CPU
		{B5D6EF56-B82C-4D76-8842-EB54B422F675}.Debug|Any CPU.ActiveCfg = Debug|Any CPU
		{B5D6EF56-B82C-4D76-8842-EB54B422F675}.Debug|Any CPU.Build.0 = Debug|Any CPU
		{B5D6EF56-B82C-4D76-8842-EB54B422F675}.Release|Any CPU.ActiveCfg = Release|Any CPU
		{B5D6EF56-B82C-4D76-8842-EB54B422F675}.Release|Any CPU.Build.0 = Release|Any CPU
		{F0915A32-92C9-436F-86D4-1B796ECF9F63}.Debug|Any CPU.ActiveCfg = Debug|Any CPU
		{F0915A32-92C9-436F-86D4-1B796ECF9F63}.Debug|Any CPU.Build.0 = Debug|Any CPU
		{F0915A32-92C9-436F-86D4-1B796ECF9F63}.Release|Any CPU.ActiveCfg = Release|Any CPU
		{F0915A32-92C9-436F-86D4-1B796ECF9F63}.Release|Any CPU.Build.0 = Release|Any CPU
		{3B7C8E70-A858-4F97-9B76-354167E71B3E}.Debug|Any CPU.ActiveCfg = Debug|Any CPU
		{3B7C8E70-A858-4F97-9B76-354167E71B3E}.Debug|Any CPU.Build.0 = Debug|Any CPU
		{3B7C8E70-A858-4F97-9B76-354167E71B3E}.Release|Any CPU.ActiveCfg = Release|Any CPU
		{3B7C8E70-A858-4F97-9B76-354167E71B3E}.Release|Any CPU.Build.0 = Release|Any CPU
		{CE6E48E0-BD4A-4C8F-BDE8-94419F03CB00}.Debug|Any CPU.ActiveCfg = Debug|Any CPU
		{CE6E48E0-BD4A-4C8F-BDE8-94419F03CB00}.Debug|Any CPU.Build.0 = Debug|Any CPU
		{CE6E48E0-BD4A-4C8F-BDE8-94419F03CB00}.Release|Any CPU.ActiveCfg = Release|Any CPU
		{CE6E48E0-BD4A-4C8F-BDE8-94419F03CB00}.Release|Any CPU.Build.0 = Release|Any CPU
		{61763032-B233-4319-809A-6EE8BAF0006C}.Debug|Any CPU.ActiveCfg = Debug|Any CPU
		{61763032-B233-4319-809A-6EE8BAF0006C}.Debug|Any CPU.Build.0 = Debug|Any CPU
		{61763032-B233-4319-809A-6EE8BAF0006C}.Release|Any CPU.ActiveCfg = Release|Any CPU
		{61763032-B233-4319-809A-6EE8BAF0006C}.Release|Any CPU.Build.0 = Release|Any CPU
	EndGlobalSection
	GlobalSection(SolutionProperties) = preSolution
		HideSolutionNode = FALSE
	EndGlobalSection
	GlobalSection(NestedProjects) = preSolution
		{80BC0540-C89C-4245-ABC5-A20EDD5733C1} = {369DCC5B-258B-40AE-95ED-F050055F2483}
		{ACD29334-555D-48B1-9FB5-70A683C37B6B} = {80BC0540-C89C-4245-ABC5-A20EDD5733C1}
		{B5D6EF56-B82C-4D76-8842-EB54B422F675} = {80BC0540-C89C-4245-ABC5-A20EDD5733C1}
		{000B051D-BB20-464F-98DD-6A2221F94C21} = {80BC0540-C89C-4245-ABC5-A20EDD5733C1}
		{F0915A32-92C9-436F-86D4-1B796ECF9F63} = {000B051D-BB20-464F-98DD-6A2221F94C21}
		{3B7C8E70-A858-4F97-9B76-354167E71B3E} = {000B051D-BB20-464F-98DD-6A2221F94C21}
		{CE6E48E0-BD4A-4C8F-BDE8-94419F03CB00} = {000B051D-BB20-464F-98DD-6A2221F94C21}
		{61763032-B233-4319-809A-6EE8BAF0006C} = {000B051D-BB20-464F-98DD-6A2221F94C21}
	EndGlobalSection
	GlobalSection(ExtensibilityGlobals) = postSolution
		SolutionGuid = {0DE146FC-8290-4AFE-873E-1075E5B9608A}
	EndGlobalSection
EndGlobal
